
Microsoft Visual Studio Solution File, Format Version 12.00
# Visual Studio 15
VisualStudioVersion = 15.0.26124.0
MinimumVisualStudioVersion = 15.0.26124.0
Project("{FAE04EC0-301F-11D3-BF4B-00C04F79EFBC}") = "Domain", "Domain\Domain.csproj", "{8DE43F0A-B3DB-422E-A8BB-B6256A722506}"
EndProject
Project("{FAE04EC0-301F-11D3-BF4B-00C04F79EFBC}") = "Application", "Application\Application.csproj", "{BC560817-E523-4A1F-8A7B-B456106FF07E}"
EndProject
Project("{FAE04EC0-301F-11D3-BF4B-00C04F79EFBC}") = "Persistence", "Persistence\Persistence.csproj", "{AEA59FEF-9473-4DD4-9DBD-535F76FD4F60}"
EndProject
Project("{FAE04EC0-301F-11D3-BF4B-00C04F79EFBC}") = "API", "API\API.csproj", "{1D48D313-8A0B-4D26-B110-C59B12DCE1E2}"
EndProject
Project("{FAE04EC0-301F-11D3-BF4B-00C04F79EFBC}") = "Infrastructure", "Infrastructure\Infrastructure.csproj", "{1D733D54-17F5-4955-ADA1-83DCC43FB5CD}"
EndProject
Global
	GlobalSection(SolutionConfigurationPlatforms) = preSolution
		Debug|Any CPU = Debug|Any CPU
		Debug|x64 = Debug|x64
		Debug|x86 = Debug|x86
		Release|Any CPU = Release|Any CPU
		Release|x64 = Release|x64
		Release|x86 = Release|x86
	EndGlobalSection
	GlobalSection(SolutionProperties) = preSolution
		HideSolutionNode = FALSE
	EndGlobalSection
	GlobalSection(ProjectConfigurationPlatforms) = postSolution
		{8DE43F0A-B3DB-422E-A8BB-B6256A722506}.Debug|Any CPU.ActiveCfg = Debug|Any CPU
		{8DE43F0A-B3DB-422E-A8BB-B6256A722506}.Debug|Any CPU.Build.0 = Debug|Any CPU
		{8DE43F0A-B3DB-422E-A8BB-B6256A722506}.Debug|x64.ActiveCfg = Debug|Any CPU
		{8DE43F0A-B3DB-422E-A8BB-B6256A722506}.Debug|x64.Build.0 = Debug|Any CPU
		{8DE43F0A-B3DB-422E-A8BB-B6256A722506}.Debug|x86.ActiveCfg = Debug|Any CPU
		{8DE43F0A-B3DB-422E-A8BB-B6256A722506}.Debug|x86.Build.0 = Debug|Any CPU
		{8DE43F0A-B3DB-422E-A8BB-B6256A722506}.Release|Any CPU.ActiveCfg = Release|Any CPU
		{8DE43F0A-B3DB-422E-A8BB-B6256A722506}.Release|Any CPU.Build.0 = Release|Any CPU
		{8DE43F0A-B3DB-422E-A8BB-B6256A722506}.Release|x64.ActiveCfg = Release|Any CPU
		{8DE43F0A-B3DB-422E-A8BB-B6256A722506}.Release|x64.Build.0 = Release|Any CPU
		{8DE43F0A-B3DB-422E-A8BB-B6256A722506}.Release|x86.ActiveCfg = Release|Any CPU
		{8DE43F0A-B3DB-422E-A8BB-B6256A722506}.Release|x86.Build.0 = Release|Any CPU
		{BC560817-E523-4A1F-8A7B-B456106FF07E}.Debug|Any CPU.ActiveCfg = Debug|Any CPU
		{BC560817-E523-4A1F-8A7B-B456106FF07E}.Debug|Any CPU.Build.0 = Debug|Any CPU
		{BC560817-E523-4A1F-8A7B-B456106FF07E}.Debug|x64.ActiveCfg = Debug|Any CPU
		{BC560817-E523-4A1F-8A7B-B456106FF07E}.Debug|x64.Build.0 = Debug|Any CPU
		{BC560817-E523-4A1F-8A7B-B456106FF07E}.Debug|x86.ActiveCfg = Debug|Any CPU
		{BC560817-E523-4A1F-8A7B-B456106FF07E}.Debug|x86.Build.0 = Debug|Any CPU
		{BC560817-E523-4A1F-8A7B-B456106FF07E}.Release|Any CPU.ActiveCfg = Release|Any CPU
		{BC560817-E523-4A1F-8A7B-B456106FF07E}.Release|Any CPU.Build.0 = Release|Any CPU
		{BC560817-E523-4A1F-8A7B-B456106FF07E}.Release|x64.ActiveCfg = Release|Any CPU
		{BC560817-E523-4A1F-8A7B-B456106FF07E}.Release|x64.Build.0 = Release|Any CPU
		{BC560817-E523-4A1F-8A7B-B456106FF07E}.Release|x86.ActiveCfg = Release|Any CPU
		{BC560817-E523-4A1F-8A7B-B456106FF07E}.Release|x86.Build.0 = Release|Any CPU
		{AEA59FEF-9473-4DD4-9DBD-535F76FD4F60}.Debug|Any CPU.ActiveCfg = Debug|Any CPU
		{AEA59FEF-9473-4DD4-9DBD-535F76FD4F60}.Debug|Any CPU.Build.0 = Debug|Any CPU
		{AEA59FEF-9473-4DD4-9DBD-535F76FD4F60}.Debug|x64.ActiveCfg = Debug|Any CPU
		{AEA59FEF-9473-4DD4-9DBD-535F76FD4F60}.Debug|x64.Build.0 = Debug|Any CPU
		{AEA59FEF-9473-4DD4-9DBD-535F76FD4F60}.Debug|x86.ActiveCfg = Debug|Any CPU
		{AEA59FEF-9473-4DD4-9DBD-535F76FD4F60}.Debug|x86.Build.0 = Debug|Any CPU
		{AEA59FEF-9473-4DD4-9DBD-535F76FD4F60}.Release|Any CPU.ActiveCfg = Release|Any CPU
		{AEA59FEF-9473-4DD4-9DBD-535F76FD4F60}.Release|Any CPU.Build.0 = Release|Any CPU
		{AEA59FEF-9473-4DD4-9DBD-535F76FD4F60}.Release|x64.ActiveCfg = Release|Any CPU
		{AEA59FEF-9473-4DD4-9DBD-535F76FD4F60}.Release|x64.Build.0 = Release|Any CPU
		{AEA59FEF-9473-4DD4-9DBD-535F76FD4F60}.Release|x86.ActiveCfg = Release|Any CPU
		{AEA59FEF-9473-4DD4-9DBD-535F76FD4F60}.Release|x86.Build.0 = Release|Any CPU
		{1D48D313-8A0B-4D26-B110-C59B12DCE1E2}.Debug|Any CPU.ActiveCfg = Debug|Any CPU
		{1D48D313-8A0B-4D26-B110-C59B12DCE1E2}.Debug|Any CPU.Build.0 = Debug|Any CPU
		{1D48D313-8A0B-4D26-B110-C59B12DCE1E2}.Debug|x64.ActiveCfg = Debug|Any CPU
		{1D48D313-8A0B-4D26-B110-C59B12DCE1E2}.Debug|x64.Build.0 = Debug|Any CPU
		{1D48D313-8A0B-4D26-B110-C59B12DCE1E2}.Debug|x86.ActiveCfg = Debug|Any CPU
		{1D48D313-8A0B-4D26-B110-C59B12DCE1E2}.Debug|x86.Build.0 = Debug|Any CPU
		{1D48D313-8A0B-4D26-B110-C59B12DCE1E2}.Release|Any CPU.ActiveCfg = Release|Any CPU
		{1D48D313-8A0B-4D26-B110-C59B12DCE1E2}.Release|Any CPU.Build.0 = Release|Any CPU
		{1D48D313-8A0B-4D26-B110-C59B12DCE1E2}.Release|x64.ActiveCfg = Release|Any CPU
		{1D48D313-8A0B-4D26-B110-C59B12DCE1E2}.Release|x64.Build.0 = Release|Any CPU
		{1D48D313-8A0B-4D26-B110-C59B12DCE1E2}.Release|x86.ActiveCfg = Release|Any CPU
		{1D48D313-8A0B-4D26-B110-C59B12DCE1E2}.Release|x86.Build.0 = Release|Any CPU
		{1D733D54-17F5-4955-ADA1-83DCC43FB5CD}.Debug|Any CPU.ActiveCfg = Debug|Any CPU
		{1D733D54-17F5-4955-ADA1-83DCC43FB5CD}.Debug|Any CPU.Build.0 = Debug|Any CPU
		{1D733D54-17F5-4955-ADA1-83DCC43FB5CD}.Debug|x64.ActiveCfg = Debug|Any CPU
		{1D733D54-17F5-4955-ADA1-83DCC43FB5CD}.Debug|x64.Build.0 = Debug|Any CPU
		{1D733D54-17F5-4955-ADA1-83DCC43FB5CD}.Debug|x86.ActiveCfg = Debug|Any CPU
		{1D733D54-17F5-4955-ADA1-83DCC43FB5CD}.Debug|x86.Build.0 = Debug|Any CPU
		{1D733D54-17F5-4955-ADA1-83DCC43FB5CD}.Release|Any CPU.ActiveCfg = Release|Any CPU
		{1D733D54-17F5-4955-ADA1-83DCC43FB5CD}.Release|Any CPU.Build.0 = Release|Any CPU
		{1D733D54-17F5-4955-ADA1-83DCC43FB5CD}.Release|x64.ActiveCfg = Release|Any CPU
		{1D733D54-17F5-4955-ADA1-83DCC43FB5CD}.Release|x64.Build.0 = Release|Any CPU
		{1D733D54-17F5-4955-ADA1-83DCC43FB5CD}.Release|x86.ActiveCfg = Release|Any CPU
		{1D733D54-17F5-4955-ADA1-83DCC43FB5CD}.Release|x86.Build.0 = Release|Any CPU
	EndGlobalSection
EndGlobal
